
Microsoft Visual Studio Solution File, Format Version 12.00
# Visual Studio Version 16
VisualStudioVersion = 16.0.33214.272
MinimumVisualStudioVersion = 10.0.40219.1
Project("{FAE04EC0-301F-11D3-BF4B-00C04F79EFBC}") = "Mission6Assignment", "Mission6Assignment\Mission6Assignment.csproj", "{260A273A-D406-4A74-ABF7-C1DF3D8D9B1E}"
EndProject
Global
	GlobalSection(SolutionConfigurationPlatforms) = preSolution
		Debug|Any CPU = Debug|Any CPU
		Release|Any CPU = Release|Any CPU
	EndGlobalSection
	GlobalSection(ProjectConfigurationPlatforms) = postSolution
		{260A273A-D406-4A74-ABF7-C1DF3D8D9B1E}.Debug|Any CPU.ActiveCfg = Debug|Any CPU
		{260A273A-D406-4A74-ABF7-C1DF3D8D9B1E}.Debug|Any CPU.Build.0 = Debug|Any CPU
		{260A273A-D406-4A74-ABF7-C1DF3D8D9B1E}.Release|Any CPU.ActiveCfg = Release|Any CPU
		{260A273A-D406-4A74-ABF7-C1DF3D8D9B1E}.Release|Any CPU.Build.0 = Release|Any CPU
	EndGlobalSection
	GlobalSection(SolutionProperties) = preSolution
		HideSolutionNode = FALSE
	EndGlobalSection
	GlobalSection(ExtensibilityGlobals) = postSolution
		SolutionGuid = {CA848857-5AB4-496C-AAFE-EACACB15687C}
	EndGlobalSection
EndGlobal
